
Microsoft Visual Studio Solution File, Format Version 12.00
# Visual Studio 2017
Project("{FAE04EC0-301F-11D3-BF4B-00C04F79EFBC}") = "GPS2", "GPS2.csproj", "{A8BBAB26-4B63-9B87-2E56-1F297C78C573}"
EndProject
Project("{FAE04EC0-301F-11D3-BF4B-00C04F79EFBC}") = "GPS2.Plugins", "GPS2.Plugins.csproj", "{056511B9-B817-5F79-6DEC-F6B6656CC102}"
EndProject
Global
	GlobalSection(SolutionConfigurationPlatforms) = preSolution
		Debug|Any CPU = Debug|Any CPU
		Release|Any CPU = Release|Any CPU
	EndGlobalSection
	GlobalSection(ProjectConfigurationPlatforms) = postSolution
		{A8BBAB26-4B63-9B87-2E56-1F297C78C573}.Debug|Any CPU.ActiveCfg = Debug|Any CPU
		{A8BBAB26-4B63-9B87-2E56-1F297C78C573}.Debug|Any CPU.Build.0 = Debug|Any CPU
		{A8BBAB26-4B63-9B87-2E56-1F297C78C573}.Release|Any CPU.ActiveCfg = Release|Any CPU
		{A8BBAB26-4B63-9B87-2E56-1F297C78C573}.Release|Any CPU.Build.0 = Release|Any CPU
		{056511B9-B817-5F79-6DEC-F6B6656CC102}.Debug|Any CPU.ActiveCfg = Debug|Any CPU
		{056511B9-B817-5F79-6DEC-F6B6656CC102}.Debug|Any CPU.Build.0 = Debug|Any CPU
		{056511B9-B817-5F79-6DEC-F6B6656CC102}.Release|Any CPU.ActiveCfg = Release|Any CPU
		{056511B9-B817-5F79-6DEC-F6B6656CC102}.Release|Any CPU.Build.0 = Release|Any CPU
	EndGlobalSection
	GlobalSection(SolutionProperties) = preSolution
		HideSolutionNode = FALSE
	EndGlobalSection
EndGlobal
